
Microsoft Visual Studio Solution File, Format Version 12.00
# Visual Studio Version 17
VisualStudioVersion = 17.6.33723.286
MinimumVisualStudioVersion = 10.0.40219.1
Project("{FAE04EC0-301F-11D3-BF4B-00C04F79EFBC}") = "WpfExample", "WpfExample.csproj", "{D8B6190B-C75C-420F-9B03-D18F1F26F567}"
EndProject
Global
	GlobalSection(SolutionConfigurationPlatforms) = preSolution
		Debug|Any CPU = Debug|Any CPU
		Release|Any CPU = Release|Any CPU
	EndGlobalSection
	GlobalSection(ProjectConfigurationPlatforms) = postSolution
		{D8B6190B-C75C-420F-9B03-D18F1F26F567}.Debug|Any CPU.ActiveCfg = Debug|Any CPU
		{D8B6190B-C75C-420F-9B03-D18F1F26F567}.Debug|Any CPU.Build.0 = Debug|Any CPU
		{D8B6190B-C75C-420F-9B03-D18F1F26F567}.Release|Any CPU.ActiveCfg = Release|Any CPU
		{D8B6190B-C75C-420F-9B03-D18F1F26F567}.Release|Any CPU.Build.0 = Release|Any CPU
	EndGlobalSection
	GlobalSection(SolutionProperties) = preSolution
		HideSolutionNode = FALSE
	EndGlobalSection
	GlobalSection(ExtensibilityGlobals) = postSolution
		SolutionGuid = {8582750A-DC3A-449F-A2AF-652B8C4989F1}
	EndGlobalSection
EndGlobal
